{
  "object": {
    "pins": [
      {
        "package": "JOSESwift",
        "repositoryURL": "https://github.com/airsidemobile/JOSESwift",
        "state": {
          "branch": null,
          "revision": "6e301dd8652aa7b3bbe4c228153cfea9843ed69e",
          "version": "2.3.1"
        }
      },
      {
        "package": "SwiftyBeaver",
        "repositoryURL": "https://github.com/SwiftyBeaver/SwiftyBeaver.git",
        "state": {
          "branch": null,
          "revision": "2c513a2e8fbfbd6495afc4a05941d8e3fdba68e9",
          "version": "1.9.3"
        }
      }
    ]
  },
  "version": 1
}
